// !$*UTF8*$!
{
	archiveVersion = 1;
	classes = {
	};
	objectVersion = 50;
	objects = {

/* Begin PBXBuildFile section */
		A2B1B18426CE61C900EC833D /* Tests_iOS.swift in Sources */ = {isa = PBXBuildFile; fileRef = A2B1B18326CE61C900EC833D /* Tests_iOS.swift */; };
		A2B1B19126CE61C900EC833D /* LeetcodesApp.swift in Sources */ = {isa = PBXBuildFile; fileRef = A2B1B16826CE61C700EC833D /* LeetcodesApp.swift */; };
		A2B1B19326CE61C900EC833D /* ContentView.swift in Sources */ = {isa = PBXBuildFile; fileRef = A2B1B16926CE61C700EC833D /* ContentView.swift */; };
		A2B1B19526CE61C900EC833D /* Assets.xcassets in Resources */ = {isa = PBXBuildFile; fileRef = A2B1B16A26CE61C800EC833D /* Assets.xcassets */; };
		A2B1B1A626CF881B00EC833D /* CircleImage.swift in Sources */ = {isa = PBXBuildFile; fileRef = A2B1B1A526CF881B00EC833D /* CircleImage.swift */; };
		A2B1B1A826CF88C800EC833D /* MapView.swift in Sources */ = {isa = PBXBuildFile; fileRef = A2B1B1A726CF88C800EC833D /* MapView.swift */; };
		A2B1B1AA26CF9F5E00EC833D /* Landmark.swift in Sources */ = {isa = PBXBuildFile; fileRef = A2B1B1A926CF9F5E00EC833D /* Landmark.swift */; };
/* End PBXBuildFile section */

/* Begin PBXContainerItemProxy section */
		A2B1B18026CE61C900EC833D /* PBXContainerItemProxy */ = {
			isa = PBXContainerItemProxy;
			containerPortal = A2B1B16326CE61C600EC833D /* Project object */;
			proxyType = 1;
			remoteGlobalIDString = A2B1B16E26CE61C800EC833D;
			remoteInfo = "Leetcodes (iOS)";
		};
/* End PBXContainerItemProxy section */

/* Begin PBXFileReference section */
		A2B1B16826CE61C700EC833D /* LeetcodesApp.swift */ = {isa = PBXFileReference; lastKnownFileType = sourcecode.swift; path = LeetcodesApp.swift; sourceTree = "<group>"; };
		A2B1B16926CE61C700EC833D /* ContentView.swift */ = {isa = PBXFileReference; lastKnownFileType = sourcecode.swift; path = ContentView.swift; sourceTree = "<group>"; };
		A2B1B16A26CE61C800EC833D /* Assets.xcassets */ = {isa = PBXFileReference; lastKnownFileType = folder.assetcatalog; path = Assets.xcassets; sourceTree = "<group>"; };
		A2B1B16F26CE61C800EC833D /* Leetcodes.app */ = {isa = PBXFileReference; explicitFileType = wrapper.application; includeInIndex = 0; path = Leetcodes.app; sourceTree = BUILT_PRODUCTS_DIR; };
		A2B1B17226CE61C800EC833D /* Info.plist */ = {isa = PBXFileReference; lastKnownFileType = text.plist.xml; path = Info.plist; sourceTree = "<group>"; };
		A2B1B17F26CE61C900EC833D /* Tests iOS.xctest */ = {isa = PBXFileReference; explicitFileType = wrapper.cfbundle; includeInIndex = 0; path = "Tests iOS.xctest"; sourceTree = BUILT_PRODUCTS_DIR; };
		A2B1B18326CE61C900EC833D /* Tests_iOS.swift */ = {isa = PBXFileReference; lastKnownFileType = sourcecode.swift; path = Tests_iOS.swift; sourceTree = "<group>"; };
		A2B1B18526CE61C900EC833D /* Info.plist */ = {isa = PBXFileReference; lastKnownFileType = text.plist.xml; path = Info.plist; sourceTree = "<group>"; };
		A2B1B1A526CF881B00EC833D /* CircleImage.swift */ = {isa = PBXFileReference; lastKnownFileType = sourcecode.swift; path = CircleImage.swift; sourceTree = "<group>"; };
		A2B1B1A726CF88C800EC833D /* MapView.swift */ = {isa = PBXFileReference; lastKnownFileType = sourcecode.swift; path = MapView.swift; sourceTree = "<group>"; };
		A2B1B1A926CF9F5E00EC833D /* Landmark.swift */ = {isa = PBXFileReference; lastKnownFileType = sourcecode.swift; path = Landmark.swift; sourceTree = "<group>"; };
/* End PBXFileReference section */

/* Begin PBXFrameworksBuildPhase section */
		A2B1B16C26CE61C800EC833D /* Frameworks */ = {
			isa = PBXFrameworksBuildPhase;
			buildActionMask = 2147483647;
			files = (
			);
			runOnlyForDeploymentPostprocessing = 0;
		};
		A2B1B17C26CE61C900EC833D /* Frameworks */ = {
			isa = PBXFrameworksBuildPhase;
			buildActionMask = 2147483647;
			files = (
			);
			runOnlyForDeploymentPostprocessing = 0;
		};
/* End PBXFrameworksBuildPhase section */

/* Begin PBXGroup section */
		A2B1B16226CE61C600EC833D = {
			isa = PBXGroup;
			children = (
				A2B1B16726CE61C700EC833D /* Shared */,
				A2B1B17126CE61C800EC833D /* iOS */,
				A2B1B18226CE61C900EC833D /* Tests iOS */,
				A2B1B17026CE61C800EC833D /* Products */,
			);
			sourceTree = "<group>";
		};
		A2B1B16726CE61C700EC833D /* Shared */ = {
			isa = PBXGroup;
			children = (
				A2B1B1AB26CFAA8900EC833D /* Landmark */,
				A2B1B16826CE61C700EC833D /* LeetcodesApp.swift */,
				A2B1B16926CE61C700EC833D /* ContentView.swift */,
				A2B1B1A526CF881B00EC833D /* CircleImage.swift */,
				A2B1B1A726CF88C800EC833D /* MapView.swift */,
				A2B1B16A26CE61C800EC833D /* Assets.xcassets */,
			);
			path = Shared;
			sourceTree = "<group>";
		};
		A2B1B17026CE61C800EC833D /* Products */ = {
			isa = PBXGroup;
			children = (
				A2B1B16F26CE61C800EC833D /* Leetcodes.app */,
				A2B1B17F26CE61C900EC833D /* Tests iOS.xctest */,
			);
			name = Products;
			sourceTree = "<group>";
		};
		A2B1B17126CE61C800EC833D /* iOS */ = {
			isa = PBXGroup;
			children = (
				A2B1B17226CE61C800EC833D /* Info.plist */,
			);
			path = iOS;
			sourceTree = "<group>";
		};
		A2B1B18226CE61C900EC833D /* Tests iOS */ = {
			isa = PBXGroup;
			children = (
				A2B1B18326CE61C900EC833D /* Tests_iOS.swift */,
				A2B1B18526CE61C900EC833D /* Info.plist */,
			);
			path = "Tests iOS";
			sourceTree = "<group>";
		};
		A2B1B1AB26CFAA8900EC833D /* Landmark */ = {
			isa = PBXGroup;
			children = (
				A2B1B1A926CF9F5E00EC833D /* Landmark.swift */,
			);
			path = Landmark;
			sourceTree = "<group>";
		};
/* End PBXGroup section */

/* Begin PBXNativeTarget section */
		A2B1B16E26CE61C800EC833D /* Leetcodes (iOS) */ = {
			isa = PBXNativeTarget;
			buildConfigurationList = A2B1B19926CE61C900EC833D /* Build configuration list for PBXNativeTarget "Leetcodes (iOS)" */;
			buildPhases = (
				A2B1B16B26CE61C800EC833D /* Sources */,
				A2B1B16C26CE61C800EC833D /* Frameworks */,
				A2B1B16D26CE61C800EC833D /* Resources */,
			);
			buildRules = (
			);
			dependencies = (
			);
			name = "Leetcodes (iOS)";
			productName = "Leetcodes (iOS)";
			productReference = A2B1B16F26CE61C800EC833D /* Leetcodes.app */;
			productType = "com.apple.product-type.application";
		};
		A2B1B17E26CE61C900EC833D /* Tests iOS */ = {
			isa = PBXNativeTarget;
			buildConfigurationList = A2B1B19F26CE61C900EC833D /* Build configuration list for PBXNativeTarget "Tests iOS" */;
			buildPhases = (
				A2B1B17B26CE61C900EC833D /* Sources */,
				A2B1B17C26CE61C900EC833D /* Frameworks */,
				A2B1B17D26CE61C900EC833D /* Resources */,
			);
			buildRules = (
			);
			dependencies = (
				A2B1B18126CE61C900EC833D /* PBXTargetDependency */,
			);
			name = "Tests iOS";
			productName = "Tests iOS";
			productReference = A2B1B17F26CE61C900EC833D /* Tests iOS.xctest */;
			productType = "com.apple.product-type.bundle.ui-testing";
		};
/* End PBXNativeTarget section */

/* Begin PBXProject section */
		A2B1B16326CE61C600EC833D /* Project object */ = {
			isa = PBXProject;
			attributes = {
				LastSwiftUpdateCheck = 1250;
				LastUpgradeCheck = 1250;
				TargetAttributes = {
					A2B1B16E26CE61C800EC833D = {
						CreatedOnToolsVersion = 12.5.1;
					};
					A2B1B17E26CE61C900EC833D = {
						CreatedOnToolsVersion = 12.5.1;
						TestTargetID = A2B1B16E26CE61C800EC833D;
					};
				};
			};
			buildConfigurationList = A2B1B16626CE61C600EC833D /* Build configuration list for PBXProject "Leetcodes" */;
			compatibilityVersion = "Xcode 9.3";
			developmentRegion = en;
			hasScannedForEncodings = 0;
			knownRegions = (
				en,
				Base,
			);
			mainGroup = A2B1B16226CE61C600EC833D;
			productRefGroup = A2B1B17026CE61C800EC833D /* Products */;
			projectDirPath = "";
			projectRoot = "";
			targets = (
				A2B1B16E26CE61C800EC833D /* Leetcodes (iOS) */,
				A2B1B17E26CE61C900EC833D /* Tests iOS */,
			);
		};
/* End PBXProject section */

/* Begin PBXResourcesBuildPhase section */
		A2B1B16D26CE61C800EC833D /* Resources */ = {
			isa = PBXResourcesBuildPhase;
			buildActionMask = 2147483647;
			files = (
				A2B1B19526CE61C900EC833D /* Assets.xcassets in Resources */,
			);
			runOnlyForDeploymentPostprocessing = 0;
		};
		A2B1B17D26CE61C900EC833D /* Resources */ = {
			isa = PBXResourcesBuildPhase;
			buildActionMask = 2147483647;
			files = (
			);
			runOnlyForDeploymentPostprocessing = 0;
		};
/* End PBXResourcesBuildPhase section */

/* Begin PBXSourcesBuildPhase section */
		A2B1B16B26CE61C800EC833D /* Sources */ = {
			isa = PBXSourcesBuildPhase;
			buildActionMask = 2147483647;
			files = (
				A2B1B19326CE61C900EC833D /* ContentView.swift in Sources */,
				A2B1B1A826CF88C800EC833D /* MapView.swift in Sources */,
				A2B1B19126CE61C900EC833D /* LeetcodesApp.swift in Sources */,
				A2B1B1A626CF881B00EC833D /* CircleImage.swift in Sources */,
				A2B1B1AA26CF9F5E00EC833D /* Landmark.swift in Sources */,
			);
			runOnlyForDeploymentPostprocessing = 0;
		};
		A2B1B17B26CE61C900EC833D /* Sources */ = {
			isa = PBXSourcesBuildPhase;
			buildActionMask = 2147483647;
			files = (
				A2B1B18426CE61C900EC833D /* Tests_iOS.swift in Sources */,
			);
			runOnlyForDeploymentPostprocessing = 0;
		};
/* End PBXSourcesBuildPhase section */

/* Begin PBXTargetDependency section */
		A2B1B18126CE61C900EC833D /* PBXTargetDependency */ = {
			isa = PBXTargetDependency;
			target = A2B1B16E26CE61C800EC833D /* Leetcodes (iOS) */;
			targetProxy = A2B1B18026CE61C900EC833D /* PBXContainerItemProxy */;
		};
/* End PBXTargetDependency section */

/* Begin XCBuildConfiguration section */
		A2B1B19726CE61C900EC833D /* Debug */ = {
			isa = XCBuildConfiguration;
			buildSettings = {
				ALWAYS_SEARCH_USER_PATHS = NO;
				CLANG_ANALYZER_NONNULL = YES;
				CLANG_ANALYZER_NUMBER_OBJECT_CONVERSION = YES_AGGRESSIVE;
				CLANG_CXX_LANGUAGE_STANDARD = "gnu++14";
				CLANG_CXX_LIBRARY = "libc++";
				CLANG_ENABLE_MODULES = YES;
				CLANG_ENABLE_OBJC_ARC = YES;
				CLANG_ENABLE_OBJC_WEAK = YES;
				CLANG_WARN_BLOCK_CAPTURE_AUTORELEASING = YES;
				CLANG_WARN_BOOL_CONVERSION = YES;
				CLANG_WARN_COMMA = YES;
				CLANG_WARN_CONSTANT_CONVERSION = YES;
				CLANG_WARN_DEPRECATED_OBJC_IMPLEMENTATIONS = YES;
				CLANG_WARN_DIRECT_OBJC_ISA_USAGE = YES_ERROR;
				CLANG_WARN_DOCUMENTATION_COMMENTS = YES;
				CLANG_WARN_EMPTY_BODY = YES;
				CLANG_WARN_ENUM_CONVERSION = YES;
				CLANG_WARN_INFINITE_RECURSION = YES;
				CLANG_WARN_INT_CONVERSION = YES;
				CLANG_WARN_NON_LITERAL_NULL_CONVERSION = YES;
				CLANG_WARN_OBJC_IMPLICIT_RETAIN_SELF = YES;
				CLANG_WARN_OBJC_LITERAL_CONVERSION = YES;
				CLANG_WARN_OBJC_ROOT_CLASS = YES_ERROR;
				CLANG_WARN_QUOTED_INCLUDE_IN_FRAMEWORK_HEADER = YES;
				CLANG_WARN_RANGE_LOOP_ANALYSIS = YES;
				CLANG_WARN_STRICT_PROTOTYPES = YES;
				CLANG_WARN_SUSPICIOUS_MOVE = YES;
				CLANG_WARN_UNGUARDED_AVAILABILITY = YES_AGGRESSIVE;
				CLANG_WARN_UNREACHABLE_CODE = YES;
				CLANG_WARN__DUPLICATE_METHOD_MATCH = YES;
				COPY_PHASE_STRIP = NO;
				DEBUG_INFORMATION_FORMAT = dwarf;
				ENABLE_STRICT_OBJC_MSGSEND = YES;
				ENABLE_TESTABILITY = YES;
				GCC_C_LANGUAGE_STANDARD = gnu11;
				GCC_DYNAMIC_NO_PIC = NO;
				GCC_NO_COMMON_BLOCKS = YES;
				GCC_OPTIMIZATION_LEVEL = 0;
				GCC_PREPROCESSOR_DEFINITIONS = (
					"DEBUG=1",
					"$(inherited)",
				);
				GCC_WARN_64_TO_32_BIT_CONVERSION = YES;
				GCC_WARN_ABOUT_RETURN_TYPE = YES_ERROR;
				GCC_WARN_UNDECLARED_SELECTOR = YES;
				GCC_WARN_UNINITIALIZED_AUTOS = YES_AGGRESSIVE;
				GCC_WARN_UNUSED_FUNCTION = YES;
				GCC_WARN_UNUSED_VARIABLE = YES;
				MTL_ENABLE_DEBUG_INFO = INCLUDE_SOURCE;
				MTL_FAST_MATH = YES;
				ONLY_ACTIVE_ARCH = YES;
				SWIFT_ACTIVE_COMPILATION_CONDITIONS = DEBUG;
				SWIFT_OPTIMIZATION_LEVEL = "-Onone";
			};
			name = Debug;
		};
		A2B1B19826CE61C900EC833D /* Release */ = {
			isa = XCBuildConfiguration;
			buildSettings = {
				ALWAYS_SEARCH_USER_PATHS = NO;
				CLANG_ANALYZER_NONNULL = YES;
				CLANG_ANALYZER_NUMBER_OBJECT_CONVERSION = YES_AGGRESSIVE;
				CLANG_CXX_LANGUAGE_STANDARD = "gnu++14";
				CLANG_CXX_LIBRARY = "libc++";
				CLANG_ENABLE_MODULES = YES;
				CLANG_ENABLE_OBJC_ARC = YES;
				CLANG_ENABLE_OBJC_WEAK = YES;
				CLANG_WARN_BLOCK_CAPTURE_AUTORELEASING = YES;
				CLANG_WARN_BOOL_CONVERSION = YES;
				CLANG_WARN_COMMA = YES;
				CLANG_WARN_CONSTANT_CONVERSION = YES;
				CLANG_WARN_DEPRECATED_OBJC_IMPLEMENTATIONS = YES;
				CLANG_WARN_DIRECT_OBJC_ISA_USAGE = YES_ERROR;
				CLANG_WARN_DOCUMENTATION_COMMENTS = YES;
				CLANG_WARN_EMPTY_BODY = YES;
				CLANG_WARN_ENUM_CONVERSION = YES;
				CLANG_WARN_INFINITE_RECURSION = YES;
				CLANG_WARN_INT_CONVERSION = YES;
				CLANG_WARN_NON_LITERAL_NULL_CONVERSION = YES;
				CLANG_WARN_OBJC_IMPLICIT_RETAIN_SELF = YES;
				CLANG_WARN_OBJC_LITERAL_CONVERSION = YES;
				CLANG_WARN_OBJC_ROOT_CLASS = YES_ERROR;
				CLANG_WARN_QUOTED_INCLUDE_IN_FRAMEWORK_HEADER = YES;
				CLANG_WARN_RANGE_LOOP_ANALYSIS = YES;
				CLANG_WARN_STRICT_PROTOTYPES = YES;
				CLANG_WARN_SUSPICIOUS_MOVE = YES;
				CLANG_WARN_UNGUARDED_AVAILABILITY = YES_AGGRESSIVE;
				CLANG_WARN_UNREACHABLE_CODE = YES;
				CLANG_WARN__DUPLICATE_METHOD_MATCH = YES;
				COPY_PHASE_STRIP = NO;
				DEBUG_INFORMATION_FORMAT = "dwarf-with-dsym";
				ENABLE_NS_ASSERTIONS = NO;
				ENABLE_STRICT_OBJC_MSGSEND = YES;
				GCC_C_LANGUAGE_STANDARD = gnu11;
				GCC_NO_COMMON_BLOCKS = YES;
				GCC_WARN_64_TO_32_BIT_CONVERSION = YES;
				GCC_WARN_ABOUT_RETURN_TYPE = YES_ERROR;
				GCC_WARN_UNDECLARED_SELECTOR = YES;
				GCC_WARN_UNINITIALIZED_AUTOS = YES_AGGRESSIVE;
				GCC_WARN_UNUSED_FUNCTION = YES;
				GCC_WARN_UNUSED_VARIABLE = YES;
				MTL_ENABLE_DEBUG_INFO = NO;
				MTL_FAST_MATH = YES;
				SWIFT_COMPILATION_MODE = wholemodule;
				SWIFT_OPTIMIZATION_LEVEL = "-O";
			};
			name = Release;
		};
		A2B1B19A26CE61C900EC833D /* Debug */ = {
			isa = XCBuildConfiguration;
			buildSettings = {
				ASSETCATALOG_COMPILER_APPICON_NAME = AppIcon;
				ASSETCATALOG_COMPILER_GLOBAL_ACCENT_COLOR_NAME = AccentColor;
				CODE_SIGN_STYLE = Automatic;
				DEVELOPMENT_TEAM = 2J25KWTFJ2;
				ENABLE_PREVIEWS = YES;
				INFOPLIST_FILE = iOS/Info.plist;
				IPHONEOS_DEPLOYMENT_TARGET = 14.0;
				LD_RUNPATH_SEARCH_PATHS = (
					"$(inherited)",
					"@executable_path/Frameworks",
				);
				PRODUCT_BUNDLE_IDENTIFIER = com.moonShadow.Leetcodes;
				PRODUCT_NAME = Leetcodes;
				SDKROOT = iphoneos;
				SWIFT_VERSION = 5.0;
				TARGETED_DEVICE_FAMILY = "1,2";
			};
			name = Debug;
		};
		A2B1B19B26CE61C900EC833D /* Release */ = {
			isa = XCBuildConfiguration;
			buildSettings = {
				ASSETCATALOG_COMPILER_APPICON_NAME = AppIcon;
				ASSETCATALOG_COMPILER_GLOBAL_ACCENT_COLOR_NAME = AccentColor;
				CODE_SIGN_STYLE = Automatic;
				DEVELOPMENT_TEAM = 2J25KWTFJ2;
				ENABLE_PREVIEWS = YES;
				INFOPLIST_FILE = iOS/Info.plist;
				IPHONEOS_DEPLOYMENT_TARGET = 14.0;
				LD_RUNPATH_SEARCH_PATHS = (
					"$(inherited)",
					"@executable_path/Frameworks",
				);
				PRODUCT_BUNDLE_IDENTIFIER = com.moonShadow.Leetcodes;
				PRODUCT_NAME = Leetcodes;
				SDKROOT = iphoneos;
				SWIFT_VERSION = 5.0;
				TARGETED_DEVICE_FAMILY = "1,2";
				VALIDATE_PRODUCT = YES;
			};
			name = Release;
		};
		A2B1B1A026CE61C900EC833D /* Debug */ = {
			isa = XCBuildConfiguration;
			buildSettings = {
				ALWAYS_EMBED_SWIFT_STANDARD_LIBRARIES = YES;
				CODE_SIGN_STYLE = Automatic;
				DEVELOPMENT_TEAM = 2J25KWTFJ2;
				INFOPLIST_FILE = "Tests iOS/Info.plist";
				IPHONEOS_DEPLOYMENT_TARGET = 14.5;
				LD_RUNPATH_SEARCH_PATHS = (
					"$(inherited)",
					"@executable_path/Frameworks",
					"@loader_path/Frameworks",
				);
				PRODUCT_BUNDLE_IDENTIFIER = "com.moonShadow.Tests-iOS";
				PRODUCT_NAME = "$(TARGET_NAME)";
				SDKROOT = iphoneos;
				SWIFT_VERSION = 5.0;
				TARGETED_DEVICE_FAMILY = "1,2";
				TEST_TARGET_NAME = "Leetcodes (iOS)";
			};
			name = Debug;
		};
		A2B1B1A126CE61C900EC833D /* Release */ = {
			isa = XCBuildConfiguration;
			buildSettings = {
				ALWAYS_EMBED_SWIFT_STANDARD_LIBRARIES = YES;
				CODE_SIGN_STYLE = Automatic;
				DEVELOPMENT_TEAM = 2J25KWTFJ2;
				INFOPLIST_FILE = "Tests iOS/Info.plist";
				IPHONEOS_DEPLOYMENT_TARGET = 14.5;
				LD_RUNPATH_SEARCH_PATHS = (
					"$(inherited)",
					"@executable_path/Frameworks",
					"@loader_path/Frameworks",
				);
				PRODUCT_BUNDLE_IDENTIFIER = "com.moonShadow.Tests-iOS";
				PRODUCT_NAME = "$(TARGET_NAME)";
				SDKROOT = iphoneos;
				SWIFT_VERSION = 5.0;
				TARGETED_DEVICE_FAMILY = "1,2";
				TEST_TARGET_NAME = "Leetcodes (iOS)";
				VALIDATE_PRODUCT = YES;
			};
			name = Release;
		};
/* End XCBuildConfiguration section */

/* Begin XCConfigurationList section */
		A2B1B16626CE61C600EC833D /* Build configuration list for PBXProject "Leetcodes" */ = {
			isa = XCConfigurationList;
			buildConfigurations = (
				A2B1B19726CE61C900EC833D /* Debug */,
				A2B1B19826CE61C900EC833D /* Release */,
			);
			defaultConfigurationIsVisible = 0;
			defaultConfigurationName = Release;
		};
		A2B1B19926CE61C900EC833D /* Build configuration list for PBXNativeTarget "Leetcodes (iOS)" */ = {
			isa = XCConfigurationList;
			buildConfigurations = (
				A2B1B19A26CE61C900EC833D /* Debug */,
				A2B1B19B26CE61C900EC833D /* Release */,
			);
			defaultConfigurationIsVisible = 0;
			defaultConfigurationName = Release;
		};
		A2B1B19F26CE61C900EC833D /* Build configuration list for PBXNativeTarget "Tests iOS" */ = {
			isa = XCConfigurationList;
			buildConfigurations = (
				A2B1B1A026CE61C900EC833D /* Debug */,
				A2B1B1A126CE61C900EC833D /* Release */,
			);
			defaultConfigurationIsVisible = 0;
			defaultConfigurationName = Release;
		};
/* End XCConfigurationList section */
	};
	rootObject = A2B1B16326CE61C600EC833D /* Project object */;
}
